
Microsoft Visual Studio Solution File, Format Version 12.00
# Visual Studio 14
VisualStudioVersion = 14.0.25123.0
MinimumVisualStudioVersion = 10.0.40219.1
Project("{FAE04EC0-301F-11D3-BF4B-00C04F79EFBC}") = "Domain", "Domain\Domain.csproj", "{00877F53-6C03-41D1-9A32-A29D2FD19E39}"
EndProject
Project("{FAE04EC0-301F-11D3-BF4B-00C04F79EFBC}") = "WebUI", "WebUI\WebUI.csproj", "{2972AF3F-77CE-4080-B65D-3DA603BD2346}"
EndProject
Project("{2150E333-8FDC-42A3-9474-1A3956D46DE8}") = "PublishScripts", "PublishScripts", "{CFA6CAB1-9C8C-4FFE-A584-445F103D9056}"
EndProject
Project("{2150E333-8FDC-42A3-9474-1A3956D46DE8}") = "Scripts", "Scripts", "{6161C048-EA0B-4F91-AD20-C6E02BA1498F}"
	ProjectSection(SolutionItems) = preProject
		PublishScripts\Scripts\Deploy-AzureResourceGroup.ps1 = PublishScripts\Scripts\Deploy-AzureResourceGroup.ps1
	EndProjectSection
EndProject
Project("{2150E333-8FDC-42A3-9474-1A3956D46DE8}") = "Templates", "Templates", "{136B0D1D-DFC2-4E58-914B-FC6A56EEE07C}"
	ProjectSection(SolutionItems) = preProject
		PublishScripts\Templates\WebUI.json = PublishScripts\Templates\WebUI.json
		PublishScripts\Templates\WebUI.param.dev.json = PublishScripts\Templates\WebUI.param.dev.json
	EndProjectSection
EndProject
Project("{FAE04EC0-301F-11D3-BF4B-00C04F79EFBC}") = "UnitTests", "UnitTests\UnitTests.csproj", "{86EFBA96-66DC-4E87-9061-C41D9DEEE33A}"
EndProject
Global
	GlobalSection(SolutionConfigurationPlatforms) = preSolution
		Debug|Any CPU = Debug|Any CPU
		Release|Any CPU = Release|Any CPU
	EndGlobalSection
	GlobalSection(ProjectConfigurationPlatforms) = postSolution
		{00877F53-6C03-41D1-9A32-A29D2FD19E39}.Debug|Any CPU.ActiveCfg = Debug|Any CPU
		{00877F53-6C03-41D1-9A32-A29D2FD19E39}.Debug|Any CPU.Build.0 = Debug|Any CPU
		{00877F53-6C03-41D1-9A32-A29D2FD19E39}.Release|Any CPU.ActiveCfg = Release|Any CPU
		{00877F53-6C03-41D1-9A32-A29D2FD19E39}.Release|Any CPU.Build.0 = Release|Any CPU
		{2972AF3F-77CE-4080-B65D-3DA603BD2346}.Debug|Any CPU.ActiveCfg = Debug|Any CPU
		{2972AF3F-77CE-4080-B65D-3DA603BD2346}.Debug|Any CPU.Build.0 = Debug|Any CPU
		{2972AF3F-77CE-4080-B65D-3DA603BD2346}.Release|Any CPU.ActiveCfg = Release|Any CPU
		{2972AF3F-77CE-4080-B65D-3DA603BD2346}.Release|Any CPU.Build.0 = Release|Any CPU
		{86EFBA96-66DC-4E87-9061-C41D9DEEE33A}.Debug|Any CPU.ActiveCfg = Debug|Any CPU
		{86EFBA96-66DC-4E87-9061-C41D9DEEE33A}.Debug|Any CPU.Build.0 = Debug|Any CPU
		{86EFBA96-66DC-4E87-9061-C41D9DEEE33A}.Release|Any CPU.ActiveCfg = Release|Any CPU
		{86EFBA96-66DC-4E87-9061-C41D9DEEE33A}.Release|Any CPU.Build.0 = Release|Any CPU
	EndGlobalSection
	GlobalSection(SolutionProperties) = preSolution
		HideSolutionNode = FALSE
	EndGlobalSection
	GlobalSection(NestedProjects) = preSolution
		{6161C048-EA0B-4F91-AD20-C6E02BA1498F} = {CFA6CAB1-9C8C-4FFE-A584-445F103D9056}
		{136B0D1D-DFC2-4E58-914B-FC6A56EEE07C} = {CFA6CAB1-9C8C-4FFE-A584-445F103D9056}
	EndGlobalSection
EndGlobal
